
Microsoft Visual Studio Solution File, Format Version 12.00
# Visual Studio 14
VisualStudioVersion = 14.0.25123.0
MinimumVisualStudioVersion = 10.0.40219.1
Project("{FAE04EC0-301F-11D3-BF4B-00C04F79EFBC}") = "UMeng.Droid.Push", "UMeng.Droid.Push\UMeng.Droid.Push.csproj", "{B53FF33C-7F86-431F-85D4-C183AAA49E37}"
EndProject
Project("{FAE04EC0-301F-11D3-BF4B-00C04F79EFBC}") = "UMeng.Push.Demo", "UMeng.Push.Demo\UMeng.Push.Demo.csproj", "{809EFDCB-529A-4973-A6CE-7549BFA69F90}"
EndProject
Global
	GlobalSection(SolutionConfigurationPlatforms) = preSolution
		Debug|Any CPU = Debug|Any CPU
		Release|Any CPU = Release|Any CPU
	EndGlobalSection
	GlobalSection(ProjectConfigurationPlatforms) = postSolution
		{B53FF33C-7F86-431F-85D4-C183AAA49E37}.Debug|Any CPU.ActiveCfg = Debug|Any CPU
		{B53FF33C-7F86-431F-85D4-C183AAA49E37}.Debug|Any CPU.Build.0 = Debug|Any CPU
		{B53FF33C-7F86-431F-85D4-C183AAA49E37}.Release|Any CPU.ActiveCfg = Release|Any CPU
		{B53FF33C-7F86-431F-85D4-C183AAA49E37}.Release|Any CPU.Build.0 = Release|Any CPU
		{809EFDCB-529A-4973-A6CE-7549BFA69F90}.Debug|Any CPU.ActiveCfg = Debug|Any CPU
		{809EFDCB-529A-4973-A6CE-7549BFA69F90}.Debug|Any CPU.Build.0 = Debug|Any CPU
		{809EFDCB-529A-4973-A6CE-7549BFA69F90}.Debug|Any CPU.Deploy.0 = Debug|Any CPU
		{809EFDCB-529A-4973-A6CE-7549BFA69F90}.Release|Any CPU.ActiveCfg = Release|Any CPU
		{809EFDCB-529A-4973-A6CE-7549BFA69F90}.Release|Any CPU.Build.0 = Release|Any CPU
		{809EFDCB-529A-4973-A6CE-7549BFA69F90}.Release|Any CPU.Deploy.0 = Release|Any CPU
	EndGlobalSection
	GlobalSection(SolutionProperties) = preSolution
		HideSolutionNode = FALSE
	EndGlobalSection
EndGlobal
